
Microsoft Visual Studio Solution File, Format Version 12.00
# Visual Studio Version 16
VisualStudioVersion = 16.0.29020.237
MinimumVisualStudioVersion = 10.0.40219.1
Project("{2150E333-8FDC-42A3-9474-1A3956D46DE8}") = "UI", "UI", "{F53FA471-58E3-4F49-B120-72B624EC2D84}"
EndProject
Project("{2150E333-8FDC-42A3-9474-1A3956D46DE8}") = "Services", "Services", "{9D78EC88-3E7E-4B44-96FD-595BE458F0F6}"
EndProject
Project("{2150E333-8FDC-42A3-9474-1A3956D46DE8}") = "Common", "Common", "{0729B080-DA4C-452E-943A-D85BEC51EE44}"
EndProject
Project("{9A19103F-16F7-4668-BE54-9A1E7A4F7556}") = "WebStore.Domain", "Common\WebStore.Domain\WebStore.Domain.csproj", "{64A2F87B-A7AD-495B-816A-D4D0B4148584}"
EndProject
Project("{9A19103F-16F7-4668-BE54-9A1E7A4F7556}") = "WebStore.DAL", "Services\WebStore.DAL\WebStore.DAL.csproj", "{1A72BCB9-87CB-4286-8FD4-BAB426CAD44D}"
EndProject
Project("{9A19103F-16F7-4668-BE54-9A1E7A4F7556}") = "WebStore", "UI\WebStore\WebStore.csproj", "{3D552AA6-24E5-4DAC-A5F0-073C3FB79378}"
EndProject
Project("{9A19103F-16F7-4668-BE54-9A1E7A4F7556}") = "WebStore.ServiceHosting", "Services\WebStore.ServiceHosting\WebStore.ServiceHosting.csproj", "{DA6649D9-7B9E-438B-9816-C374CBFEC7A0}"
EndProject
Project("{9A19103F-16F7-4668-BE54-9A1E7A4F7556}") = "WebStore.interfaces", "Services\WebStore.interfaces\WebStore.interfaces.csproj", "{08CAEC31-A698-43F1-823C-C0E1E21C23BF}"
EndProject
Project("{9A19103F-16F7-4668-BE54-9A1E7A4F7556}") = "WebStore.Services", "Services\WebStore.Services\WebStore.Services.csproj", "{A757AAB7-0E8C-4E47-8E09-1A7B156EE869}"
EndProject
Project("{9A19103F-16F7-4668-BE54-9A1E7A4F7556}") = "WebStore.Clients", "Services\WebStore.Clients\WebStore.Clients.csproj", "{92BA5C01-9FC5-47AA-9FB1-2525CD46B2A3}"
EndProject
Project("{9A19103F-16F7-4668-BE54-9A1E7A4F7556}") = "WebStore.Logger", "Common\WebStore.Logger\WebStore.Logger.csproj", "{65165E00-FFE7-47F1-A525-16368560402F}"
EndProject
Project("{2150E333-8FDC-42A3-9474-1A3956D46DE8}") = "Tests", "Tests", "{38CBD3A6-3718-44AE-953E-E1CE5CC8A6FF}"
EndProject
Project("{FAE04EC0-301F-11D3-BF4B-00C04F79EFBC}") = "WebStore.Tests", "Tests\WebStore.Tests\WebStore.Tests.csproj", "{67D52A1B-08AF-4A76-89C1-F524AF02F300}"
EndProject
Global
	GlobalSection(SolutionConfigurationPlatforms) = preSolution
		Debug|Any CPU = Debug|Any CPU
		Release|Any CPU = Release|Any CPU
	EndGlobalSection
	GlobalSection(ProjectConfigurationPlatforms) = postSolution
		{64A2F87B-A7AD-495B-816A-D4D0B4148584}.Debug|Any CPU.ActiveCfg = Debug|Any CPU
		{64A2F87B-A7AD-495B-816A-D4D0B4148584}.Debug|Any CPU.Build.0 = Debug|Any CPU
		{64A2F87B-A7AD-495B-816A-D4D0B4148584}.Release|Any CPU.ActiveCfg = Release|Any CPU
		{64A2F87B-A7AD-495B-816A-D4D0B4148584}.Release|Any CPU.Build.0 = Release|Any CPU
		{1A72BCB9-87CB-4286-8FD4-BAB426CAD44D}.Debug|Any CPU.ActiveCfg = Debug|Any CPU
		{1A72BCB9-87CB-4286-8FD4-BAB426CAD44D}.Debug|Any CPU.Build.0 = Debug|Any CPU
		{1A72BCB9-87CB-4286-8FD4-BAB426CAD44D}.Release|Any CPU.ActiveCfg = Release|Any CPU
		{1A72BCB9-87CB-4286-8FD4-BAB426CAD44D}.Release|Any CPU.Build.0 = Release|Any CPU
		{3D552AA6-24E5-4DAC-A5F0-073C3FB79378}.Debug|Any CPU.ActiveCfg = Debug|Any CPU
		{3D552AA6-24E5-4DAC-A5F0-073C3FB79378}.Debug|Any CPU.Build.0 = Debug|Any CPU
		{3D552AA6-24E5-4DAC-A5F0-073C3FB79378}.Release|Any CPU.ActiveCfg = Release|Any CPU
		{3D552AA6-24E5-4DAC-A5F0-073C3FB79378}.Release|Any CPU.Build.0 = Release|Any CPU
		{DA6649D9-7B9E-438B-9816-C374CBFEC7A0}.Debug|Any CPU.ActiveCfg = Debug|Any CPU
		{DA6649D9-7B9E-438B-9816-C374CBFEC7A0}.Debug|Any CPU.Build.0 = Debug|Any CPU
		{DA6649D9-7B9E-438B-9816-C374CBFEC7A0}.Release|Any CPU.ActiveCfg = Release|Any CPU
		{DA6649D9-7B9E-438B-9816-C374CBFEC7A0}.Release|Any CPU.Build.0 = Release|Any CPU
		{08CAEC31-A698-43F1-823C-C0E1E21C23BF}.Debug|Any CPU.ActiveCfg = Debug|Any CPU
		{08CAEC31-A698-43F1-823C-C0E1E21C23BF}.Debug|Any CPU.Build.0 = Debug|Any CPU
		{08CAEC31-A698-43F1-823C-C0E1E21C23BF}.Release|Any CPU.ActiveCfg = Release|Any CPU
		{08CAEC31-A698-43F1-823C-C0E1E21C23BF}.Release|Any CPU.Build.0 = Release|Any CPU
		{A757AAB7-0E8C-4E47-8E09-1A7B156EE869}.Debug|Any CPU.ActiveCfg = Debug|Any CPU
		{A757AAB7-0E8C-4E47-8E09-1A7B156EE869}.Debug|Any CPU.Build.0 = Debug|Any CPU
		{A757AAB7-0E8C-4E47-8E09-1A7B156EE869}.Release|Any CPU.ActiveCfg = Release|Any CPU
		{A757AAB7-0E8C-4E47-8E09-1A7B156EE869}.Release|Any CPU.Build.0 = Release|Any CPU
		{92BA5C01-9FC5-47AA-9FB1-2525CD46B2A3}.Debug|Any CPU.ActiveCfg = Debug|Any CPU
		{92BA5C01-9FC5-47AA-9FB1-2525CD46B2A3}.Debug|Any CPU.Build.0 = Debug|Any CPU
		{92BA5C01-9FC5-47AA-9FB1-2525CD46B2A3}.Release|Any CPU.ActiveCfg = Release|Any CPU
		{92BA5C01-9FC5-47AA-9FB1-2525CD46B2A3}.Release|Any CPU.Build.0 = Release|Any CPU
		{65165E00-FFE7-47F1-A525-16368560402F}.Debug|Any CPU.ActiveCfg = Debug|Any CPU
		{65165E00-FFE7-47F1-A525-16368560402F}.Debug|Any CPU.Build.0 = Debug|Any CPU
		{65165E00-FFE7-47F1-A525-16368560402F}.Release|Any CPU.ActiveCfg = Release|Any CPU
		{65165E00-FFE7-47F1-A525-16368560402F}.Release|Any CPU.Build.0 = Release|Any CPU
		{67D52A1B-08AF-4A76-89C1-F524AF02F300}.Debug|Any CPU.ActiveCfg = Debug|Any CPU
		{67D52A1B-08AF-4A76-89C1-F524AF02F300}.Debug|Any CPU.Build.0 = Debug|Any CPU
		{67D52A1B-08AF-4A76-89C1-F524AF02F300}.Release|Any CPU.ActiveCfg = Release|Any CPU
		{67D52A1B-08AF-4A76-89C1-F524AF02F300}.Release|Any CPU.Build.0 = Release|Any CPU
	EndGlobalSection
	GlobalSection(SolutionProperties) = preSolution
		HideSolutionNode = FALSE
	EndGlobalSection
	GlobalSection(NestedProjects) = preSolution
		{64A2F87B-A7AD-495B-816A-D4D0B4148584} = {0729B080-DA4C-452E-943A-D85BEC51EE44}
		{1A72BCB9-87CB-4286-8FD4-BAB426CAD44D} = {9D78EC88-3E7E-4B44-96FD-595BE458F0F6}
		{3D552AA6-24E5-4DAC-A5F0-073C3FB79378} = {F53FA471-58E3-4F49-B120-72B624EC2D84}
		{DA6649D9-7B9E-438B-9816-C374CBFEC7A0} = {9D78EC88-3E7E-4B44-96FD-595BE458F0F6}
		{08CAEC31-A698-43F1-823C-C0E1E21C23BF} = {9D78EC88-3E7E-4B44-96FD-595BE458F0F6}
		{A757AAB7-0E8C-4E47-8E09-1A7B156EE869} = {9D78EC88-3E7E-4B44-96FD-595BE458F0F6}
		{92BA5C01-9FC5-47AA-9FB1-2525CD46B2A3} = {9D78EC88-3E7E-4B44-96FD-595BE458F0F6}
		{65165E00-FFE7-47F1-A525-16368560402F} = {0729B080-DA4C-452E-943A-D85BEC51EE44}
		{67D52A1B-08AF-4A76-89C1-F524AF02F300} = {38CBD3A6-3718-44AE-953E-E1CE5CC8A6FF}
	EndGlobalSection
	GlobalSection(ExtensibilityGlobals) = postSolution
		SolutionGuid = {F0975645-3748-425E-94B4-78CA186D1FE3}
	EndGlobalSection
EndGlobal
